{
  "name": "workspace",
  "lockfileVersion": 3,
  "requires": true,
  "packages": {
    "": {
      "dependencies": {
        "@clawhub/cli": "^0.0.2"
      }
    },
    "node_modules/@clawhub/cli": {
      "version": "0.0.2",
      "resolved": "https://registry.npmjs.org/@clawhub/cli/-/cli-0.0.2.tgz",
      "integrity": "sha512-GBOiZU1KGlTqjKzyb2NBAHbZkN8hebw0IOGegtZ45B4oG+ouCmz+OSQKsPHpVndV221tGSzXykiHZk3XjDmq4g==",
      "license": "MIT",
      "bin": {
        "clawnet": "bin/clawnet.js"
      }
    }
  }
}
